// !$*UTF8*$!
{
	archiveVersion = 1;
	classes = {
	};
	objectVersion = 56;
	objects = {

/* Begin PBXBuildFile section */
		DEB875192BC5EFC500A21BCB /* SpriteKit_Inertial_CameraApp.swift in Sources */ = {isa = PBXBuildFile; fileRef = DEB875182BC5EFC500A21BCB /* SpriteKit_Inertial_CameraApp.swift */; };
		DEB8751B2BC5EFC500A21BCB /* CameraDemo.swift in Sources */ = {isa = PBXBuildFile; fileRef = DEB8751A2BC5EFC500A21BCB /* CameraDemo.swift */; };
		DEB8751D2BC5EFC700A21BCB /* Assets.xcassets in Resources */ = {isa = PBXBuildFile; fileRef = DEB8751C2BC5EFC700A21BCB /* Assets.xcassets */; };
		DEB875202BC5EFC700A21BCB /* Preview Assets.xcassets in Resources */ = {isa = PBXBuildFile; fileRef = DEB8751F2BC5EFC700A21BCB /* Preview Assets.xcassets */; };
		DEB875272BC5EFF900A21BCB /* InertialCamera.swift in Sources */ = {isa = PBXBuildFile; fileRef = DEB875262BC5EFF900A21BCB /* InertialCamera.swift */; };
		DEB875292BC5F00700A21BCB /* Helpers.swift in Sources */ = {isa = PBXBuildFile; fileRef = DEB875282BC5F00700A21BCB /* Helpers.swift */; };
		DEB8752D2BC5FE2D00A21BCB /* SpriteKit-Inertial-Camera-Demo-compressed.mp4 in Resources */ = {isa = PBXBuildFile; fileRef = DEB8752B2BC5FE2D00A21BCB /* SpriteKit-Inertial-Camera-Demo-compressed.mp4 */; };
/* End PBXBuildFile section */

/* Begin PBXFileReference section */
		DEB875152BC5EFC500A21BCB /* Inertial Camera.app */ = {isa = PBXFileReference; explicitFileType = wrapper.application; includeInIndex = 0; path = "Inertial Camera.app"; sourceTree = BUILT_PRODUCTS_DIR; };
		DEB875182BC5EFC500A21BCB /* SpriteKit_Inertial_CameraApp.swift */ = {isa = PBXFileReference; lastKnownFileType = sourcecode.swift; path = SpriteKit_Inertial_CameraApp.swift; sourceTree = "<group>"; };
		DEB8751A2BC5EFC500A21BCB /* CameraDemo.swift */ = {isa = PBXFileReference; lastKnownFileType = sourcecode.swift; path = CameraDemo.swift; sourceTree = "<group>"; };
		DEB8751C2BC5EFC700A21BCB /* Assets.xcassets */ = {isa = PBXFileReference; lastKnownFileType = folder.assetcatalog; path = Assets.xcassets; sourceTree = "<group>"; };
		DEB8751F2BC5EFC700A21BCB /* Preview Assets.xcassets */ = {isa = PBXFileReference; lastKnownFileType = folder.assetcatalog; path = "Preview Assets.xcassets"; sourceTree = "<group>"; };
		DEB875262BC5EFF900A21BCB /* InertialCamera.swift */ = {isa = PBXFileReference; lastKnownFileType = sourcecode.swift; path = InertialCamera.swift; sourceTree = "<group>"; };
		DEB875282BC5F00700A21BCB /* Helpers.swift */ = {isa = PBXFileReference; lastKnownFileType = sourcecode.swift; path = Helpers.swift; sourceTree = "<group>"; };
		DEB8752A2BC5FB5500A21BCB /* README.md */ = {isa = PBXFileReference; lastKnownFileType = net.daringfireball.markdown; path = README.md; sourceTree = "<group>"; };
		DEB8752B2BC5FE2D00A21BCB /* SpriteKit-Inertial-Camera-Demo-compressed.mp4 */ = {isa = PBXFileReference; lastKnownFileType = file; path = "SpriteKit-Inertial-Camera-Demo-compressed.mp4"; sourceTree = "<group>"; };
/* End PBXFileReference section */

/* Begin PBXFrameworksBuildPhase section */
		DEB875122BC5EFC500A21BCB /* Frameworks */ = {
			isa = PBXFrameworksBuildPhase;
			buildActionMask = 2147483647;
			files = (
			);
			runOnlyForDeploymentPostprocessing = 0;
		};
/* End PBXFrameworksBuildPhase section */

/* Begin PBXGroup section */
		DEB8750C2BC5EFC500A21BCB = {
			isa = PBXGroup;
			children = (
				DEB8752A2BC5FB5500A21BCB /* README.md */,
				DEB8752C2BC5FE2D00A21BCB /* Images */,
				DEB875172BC5EFC500A21BCB /* SpriteKit-Inertial-Camera */,
				DEB875162BC5EFC500A21BCB /* Products */,
			);
			sourceTree = "<group>";
		};
		DEB875162BC5EFC500A21BCB /* Products */ = {
			isa = PBXGroup;
			children = (
				DEB875152BC5EFC500A21BCB /* Inertial Camera.app */,
			);
			name = Products;
			sourceTree = "<group>";
		};
		DEB875172BC5EFC500A21BCB /* SpriteKit-Inertial-Camera */ = {
			isa = PBXGroup;
			children = (
				DEB875182BC5EFC500A21BCB /* SpriteKit_Inertial_CameraApp.swift */,
				DEB8751A2BC5EFC500A21BCB /* CameraDemo.swift */,
				DEB875262BC5EFF900A21BCB /* InertialCamera.swift */,
				DEB875282BC5F00700A21BCB /* Helpers.swift */,
				DEB8751C2BC5EFC700A21BCB /* Assets.xcassets */,
				DEB8751E2BC5EFC700A21BCB /* Preview Content */,
			);
			path = "SpriteKit-Inertial-Camera";
			sourceTree = "<group>";
		};
		DEB8751E2BC5EFC700A21BCB /* Preview Content */ = {
			isa = PBXGroup;
			children = (
				DEB8751F2BC5EFC700A21BCB /* Preview Assets.xcassets */,
			);
			path = "Preview Content";
			sourceTree = "<group>";
		};
		DEB8752C2BC5FE2D00A21BCB /* Images */ = {
			isa = PBXGroup;
			children = (
				DEB8752B2BC5FE2D00A21BCB /* SpriteKit-Inertial-Camera-Demo-compressed.mp4 */,
			);
			path = Images;
			sourceTree = "<group>";
		};
/* End PBXGroup section */

/* Begin PBXNativeTarget section */
		DEB875142BC5EFC500A21BCB /* Inertial Camera */ = {
			isa = PBXNativeTarget;
			buildConfigurationList = DEB875232BC5EFC700A21BCB /* Build configuration list for PBXNativeTarget "Inertial Camera" */;
			buildPhases = (
				DEB875112BC5EFC500A21BCB /* Sources */,
				DEB875122BC5EFC500A21BCB /* Frameworks */,
				DEB875132BC5EFC500A21BCB /* Resources */,
			);
			buildRules = (
			);
			dependencies = (
			);
			name = "Inertial Camera";
			productName = "SpriteKit-Inertial-Camera";
			productReference = DEB875152BC5EFC500A21BCB /* Inertial Camera.app */;
			productType = "com.apple.product-type.application";
		};
/* End PBXNativeTarget section */

/* Begin PBXProject section */
		DEB8750D2BC5EFC500A21BCB /* Project object */ = {
			isa = PBXProject;
			attributes = {
				BuildIndependentTargetsInParallel = 1;
				LastSwiftUpdateCheck = 1530;
				LastUpgradeCheck = 1530;
				TargetAttributes = {
					DEB875142BC5EFC500A21BCB = {
						CreatedOnToolsVersion = 15.3;
					};
				};
			};
			buildConfigurationList = DEB875102BC5EFC500A21BCB /* Build configuration list for PBXProject "Inertial Camera" */;
			compatibilityVersion = "Xcode 14.0";
			developmentRegion = en;
			hasScannedForEncodings = 0;
			knownRegions = (
				en,
				Base,
			);
			mainGroup = DEB8750C2BC5EFC500A21BCB;
			productRefGroup = DEB875162BC5EFC500A21BCB /* Products */;
			projectDirPath = "";
			projectRoot = "";
			targets = (
				DEB875142BC5EFC500A21BCB /* Inertial Camera */,
			);
		};
/* End PBXProject section */

/* Begin PBXResourcesBuildPhase section */
		DEB875132BC5EFC500A21BCB /* Resources */ = {
			isa = PBXResourcesBuildPhase;
			buildActionMask = 2147483647;
			files = (
				DEB875202BC5EFC700A21BCB /* Preview Assets.xcassets in Resources */,
				DEB8752D2BC5FE2D00A21BCB /* SpriteKit-Inertial-Camera-Demo-compressed.mp4 in Resources */,
				DEB8751D2BC5EFC700A21BCB /* Assets.xcassets in Resources */,
			);
			runOnlyForDeploymentPostprocessing = 0;
		};
/* End PBXResourcesBuildPhase section */

/* Begin PBXSourcesBuildPhase section */
		DEB875112BC5EFC500A21BCB /* Sources */ = {
			isa = PBXSourcesBuildPhase;
			buildActionMask = 2147483647;
			files = (
				DEB875272BC5EFF900A21BCB /* InertialCamera.swift in Sources */,
				DEB8751B2BC5EFC500A21BCB /* CameraDemo.swift in Sources */,
				DEB875192BC5EFC500A21BCB /* SpriteKit_Inertial_CameraApp.swift in Sources */,
				DEB875292BC5F00700A21BCB /* Helpers.swift in Sources */,
			);
			runOnlyForDeploymentPostprocessing = 0;
		};
/* End PBXSourcesBuildPhase section */

/* Begin XCBuildConfiguration section */
		DEB875212BC5EFC700A21BCB /* Debug */ = {
			isa = XCBuildConfiguration;
			buildSettings = {
				ALWAYS_SEARCH_USER_PATHS = NO;
				ASSETCATALOG_COMPILER_GENERATE_SWIFT_ASSET_SYMBOL_EXTENSIONS = YES;
				CLANG_ANALYZER_NONNULL = YES;
				CLANG_ANALYZER_NUMBER_OBJECT_CONVERSION = YES_AGGRESSIVE;
				CLANG_CXX_LANGUAGE_STANDARD = "gnu++20";
				CLANG_ENABLE_MODULES = YES;
				CLANG_ENABLE_OBJC_ARC = YES;
				CLANG_ENABLE_OBJC_WEAK = YES;
				CLANG_WARN_BLOCK_CAPTURE_AUTORELEASING = YES;
				CLANG_WARN_BOOL_CONVERSION = YES;
				CLANG_WARN_COMMA = YES;
				CLANG_WARN_CONSTANT_CONVERSION = YES;
				CLANG_WARN_DEPRECATED_OBJC_IMPLEMENTATIONS = YES;
				CLANG_WARN_DIRECT_OBJC_ISA_USAGE = YES_ERROR;
				CLANG_WARN_DOCUMENTATION_COMMENTS = YES;
				CLANG_WARN_EMPTY_BODY = YES;
				CLANG_WARN_ENUM_CONVERSION = YES;
				CLANG_WARN_INFINITE_RECURSION = YES;
				CLANG_WARN_INT_CONVERSION = YES;
				CLANG_WARN_NON_LITERAL_NULL_CONVERSION = YES;
				CLANG_WARN_OBJC_IMPLICIT_RETAIN_SELF = YES;
				CLANG_WARN_OBJC_LITERAL_CONVERSION = YES;
				CLANG_WARN_OBJC_ROOT_CLASS = YES_ERROR;
				CLANG_WARN_QUOTED_INCLUDE_IN_FRAMEWORK_HEADER = YES;
				CLANG_WARN_RANGE_LOOP_ANALYSIS = YES;
				CLANG_WARN_STRICT_PROTOTYPES = YES;
				CLANG_WARN_SUSPICIOUS_MOVE = YES;
				CLANG_WARN_UNGUARDED_AVAILABILITY = YES_AGGRESSIVE;
				CLANG_WARN_UNREACHABLE_CODE = YES;
				CLANG_WARN__DUPLICATE_METHOD_MATCH = YES;
				COPY_PHASE_STRIP = NO;
				DEBUG_INFORMATION_FORMAT = dwarf;
				ENABLE_STRICT_OBJC_MSGSEND = YES;
				ENABLE_TESTABILITY = YES;
				ENABLE_USER_SCRIPT_SANDBOXING = YES;
				GCC_C_LANGUAGE_STANDARD = gnu17;
				GCC_DYNAMIC_NO_PIC = NO;
				GCC_NO_COMMON_BLOCKS = YES;
				GCC_OPTIMIZATION_LEVEL = 0;
				GCC_PREPROCESSOR_DEFINITIONS = (
					"DEBUG=1",
					"$(inherited)",
				);
				GCC_WARN_64_TO_32_BIT_CONVERSION = YES;
				GCC_WARN_ABOUT_RETURN_TYPE = YES_ERROR;
				GCC_WARN_UNDECLARED_SELECTOR = YES;
				GCC_WARN_UNINITIALIZED_AUTOS = YES_AGGRESSIVE;
				GCC_WARN_UNUSED_FUNCTION = YES;
				GCC_WARN_UNUSED_VARIABLE = YES;
				IPHONEOS_DEPLOYMENT_TARGET = 15.0;
				LOCALIZATION_PREFERS_STRING_CATALOGS = YES;
				MTL_ENABLE_DEBUG_INFO = INCLUDE_SOURCE;
				MTL_FAST_MATH = YES;
				ONLY_ACTIVE_ARCH = YES;
				SDKROOT = iphoneos;
				SWIFT_ACTIVE_COMPILATION_CONDITIONS = "DEBUG $(inherited)";
				SWIFT_OPTIMIZATION_LEVEL = "-Onone";
			};
			name = Debug;
		};
		DEB875222BC5EFC700A21BCB /* Release */ = {
			isa = XCBuildConfiguration;
			buildSettings = {
				ALWAYS_SEARCH_USER_PATHS = NO;
				ASSETCATALOG_COMPILER_GENERATE_SWIFT_ASSET_SYMBOL_EXTENSIONS = YES;
				CLANG_ANALYZER_NONNULL = YES;
				CLANG_ANALYZER_NUMBER_OBJECT_CONVERSION = YES_AGGRESSIVE;
				CLANG_CXX_LANGUAGE_STANDARD = "gnu++20";
				CLANG_ENABLE_MODULES = YES;
				CLANG_ENABLE_OBJC_ARC = YES;
				CLANG_ENABLE_OBJC_WEAK = YES;
				CLANG_WARN_BLOCK_CAPTURE_AUTORELEASING = YES;
				CLANG_WARN_BOOL_CONVERSION = YES;
				CLANG_WARN_COMMA = YES;
				CLANG_WARN_CONSTANT_CONVERSION = YES;
				CLANG_WARN_DEPRECATED_OBJC_IMPLEMENTATIONS = YES;
				CLANG_WARN_DIRECT_OBJC_ISA_USAGE = YES_ERROR;
				CLANG_WARN_DOCUMENTATION_COMMENTS = YES;
				CLANG_WARN_EMPTY_BODY = YES;
				CLANG_WARN_ENUM_CONVERSION = YES;
				CLANG_WARN_INFINITE_RECURSION = YES;
				CLANG_WARN_INT_CONVERSION = YES;
				CLANG_WARN_NON_LITERAL_NULL_CONVERSION = YES;
				CLANG_WARN_OBJC_IMPLICIT_RETAIN_SELF = YES;
				CLANG_WARN_OBJC_LITERAL_CONVERSION = YES;
				CLANG_WARN_OBJC_ROOT_CLASS = YES_ERROR;
				CLANG_WARN_QUOTED_INCLUDE_IN_FRAMEWORK_HEADER = YES;
				CLANG_WARN_RANGE_LOOP_ANALYSIS = YES;
				CLANG_WARN_STRICT_PROTOTYPES = YES;
				CLANG_WARN_SUSPICIOUS_MOVE = YES;
				CLANG_WARN_UNGUARDED_AVAILABILITY = YES_AGGRESSIVE;
				CLANG_WARN_UNREACHABLE_CODE = YES;
				CLANG_WARN__DUPLICATE_METHOD_MATCH = YES;
				COPY_PHASE_STRIP = NO;
				DEBUG_INFORMATION_FORMAT = "dwarf-with-dsym";
				ENABLE_NS_ASSERTIONS = NO;
				ENABLE_STRICT_OBJC_MSGSEND = YES;
				ENABLE_USER_SCRIPT_SANDBOXING = YES;
				GCC_C_LANGUAGE_STANDARD = gnu17;
				GCC_NO_COMMON_BLOCKS = YES;
				GCC_WARN_64_TO_32_BIT_CONVERSION = YES;
				GCC_WARN_ABOUT_RETURN_TYPE = YES_ERROR;
				GCC_WARN_UNDECLARED_SELECTOR = YES;
				GCC_WARN_UNINITIALIZED_AUTOS = YES_AGGRESSIVE;
				GCC_WARN_UNUSED_FUNCTION = YES;
				GCC_WARN_UNUSED_VARIABLE = YES;
				IPHONEOS_DEPLOYMENT_TARGET = 15.0;
				LOCALIZATION_PREFERS_STRING_CATALOGS = YES;
				MTL_ENABLE_DEBUG_INFO = NO;
				MTL_FAST_MATH = YES;
				SDKROOT = iphoneos;
				SWIFT_COMPILATION_MODE = wholemodule;
				VALIDATE_PRODUCT = YES;
			};
			name = Release;
		};
		DEB875242BC5EFC700A21BCB /* Debug */ = {
			isa = XCBuildConfiguration;
			buildSettings = {
				ASSETCATALOG_COMPILER_APPICON_NAME = AppIcon;
				ASSETCATALOG_COMPILER_GLOBAL_ACCENT_COLOR_NAME = AccentColor;
				CODE_SIGN_STYLE = Automatic;
				CURRENT_PROJECT_VERSION = 1;
				DEVELOPMENT_ASSET_PATHS = "\"SpriteKit-Inertial-Camera/Preview Content\"";
				DEVELOPMENT_TEAM = G2XS6FMGZT;
				ENABLE_PREVIEWS = YES;
				GENERATE_INFOPLIST_FILE = YES;
				INFOPLIST_KEY_UIApplicationSceneManifest_Generation = YES;
				INFOPLIST_KEY_UIApplicationSupportsIndirectInputEvents = YES;
				INFOPLIST_KEY_UILaunchScreen_Generation = YES;
				INFOPLIST_KEY_UISupportedInterfaceOrientations_iPad = "UIInterfaceOrientationPortrait UIInterfaceOrientationPortraitUpsideDown UIInterfaceOrientationLandscapeLeft UIInterfaceOrientationLandscapeRight";
				INFOPLIST_KEY_UISupportedInterfaceOrientations_iPhone = "UIInterfaceOrientationPortrait UIInterfaceOrientationLandscapeLeft UIInterfaceOrientationLandscapeRight";
				IPHONEOS_DEPLOYMENT_TARGET = 15.0;
				LD_RUNPATH_SEARCH_PATHS = (
					"$(inherited)",
					"@executable_path/Frameworks",
				);
				MARKETING_VERSION = 1.0;
				PRODUCT_BUNDLE_IDENTIFIER = "com.achrafkassioui.SpriteKit-Inertial-Camera";
				PRODUCT_NAME = "$(TARGET_NAME)";
				SWIFT_EMIT_LOC_STRINGS = YES;
				SWIFT_VERSION = 5.0;
				TARGETED_DEVICE_FAMILY = "1,2";
			};
			name = Debug;
		};
		DEB875252BC5EFC700A21BCB /* Release */ = {
			isa = XCBuildConfiguration;
			buildSettings = {
				ASSETCATALOG_COMPILER_APPICON_NAME = AppIcon;
				ASSETCATALOG_COMPILER_GLOBAL_ACCENT_COLOR_NAME = AccentColor;
				CODE_SIGN_STYLE = Automatic;
				CURRENT_PROJECT_VERSION = 1;
				DEVELOPMENT_ASSET_PATHS = "\"SpriteKit-Inertial-Camera/Preview Content\"";
				DEVELOPMENT_TEAM = G2XS6FMGZT;
				ENABLE_PREVIEWS = YES;
				GENERATE_INFOPLIST_FILE = YES;
				INFOPLIST_KEY_UIApplicationSceneManifest_Generation = YES;
				INFOPLIST_KEY_UIApplicationSupportsIndirectInputEvents = YES;
				INFOPLIST_KEY_UILaunchScreen_Generation = YES;
				INFOPLIST_KEY_UISupportedInterfaceOrientations_iPad = "UIInterfaceOrientationPortrait UIInterfaceOrientationPortraitUpsideDown UIInterfaceOrientationLandscapeLeft UIInterfaceOrientationLandscapeRight";
				INFOPLIST_KEY_UISupportedInterfaceOrientations_iPhone = "UIInterfaceOrientationPortrait UIInterfaceOrientationLandscapeLeft UIInterfaceOrientationLandscapeRight";
				IPHONEOS_DEPLOYMENT_TARGET = 15.0;
				LD_RUNPATH_SEARCH_PATHS = (
					"$(inherited)",
					"@executable_path/Frameworks",
				);
				MARKETING_VERSION = 1.0;
				PRODUCT_BUNDLE_IDENTIFIER = "com.achrafkassioui.SpriteKit-Inertial-Camera";
				PRODUCT_NAME = "$(TARGET_NAME)";
				SWIFT_EMIT_LOC_STRINGS = YES;
				SWIFT_VERSION = 5.0;
				TARGETED_DEVICE_FAMILY = "1,2";
			};
			name = Release;
		};
/* End XCBuildConfiguration section */

/* Begin XCConfigurationList section */
		DEB875102BC5EFC500A21BCB /* Build configuration list for PBXProject "Inertial Camera" */ = {
			isa = XCConfigurationList;
			buildConfigurations = (
				DEB875212BC5EFC700A21BCB /* Debug */,
				DEB875222BC5EFC700A21BCB /* Release */,
			);
			defaultConfigurationIsVisible = 0;
			defaultConfigurationName = Release;
		};
		DEB875232BC5EFC700A21BCB /* Build configuration list for PBXNativeTarget "Inertial Camera" */ = {
			isa = XCConfigurationList;
			buildConfigurations = (
				DEB875242BC5EFC700A21BCB /* Debug */,
				DEB875252BC5EFC700A21BCB /* Release */,
			);
			defaultConfigurationIsVisible = 0;
			defaultConfigurationName = Release;
		};
/* End XCConfigurationList section */
	};
	rootObject = DEB8750D2BC5EFC500A21BCB /* Project object */;
}
